
Microsoft Visual Studio Solution File, Format Version 12.00
Project("{FAE04EC0-301F-11D3-BF4B-00C04F79EFBC}") = "BlockSimSharp", "BlockSimSharp\BlockSimSharp.csproj", "{C813D537-2CB4-42ED-BCE9-FF25367A1232}"
EndProject
Project("{FAE04EC0-301F-11D3-BF4B-00C04F79EFBC}") = "BlockSimSharp.Core", "BlockSimSharp.Core\BlockSimSharp.Core.csproj", "{BD84AD66-271B-415C-8BB8-18B0CEB1DA02}"
EndProject
Project("{FAE04EC0-301F-11D3-BF4B-00C04F79EFBC}") = "BlockSimSharp.Bitcoin", "BlockSimSharp.Bitcoin\BlockSimSharp.Bitcoin.csproj", "{EC75D9EA-909D-4DD2-AEE9-944C73BF74C4}"
EndProject
Global
	GlobalSection(SolutionConfigurationPlatforms) = preSolution
		Debug|Any CPU = Debug|Any CPU
		Release|Any CPU = Release|Any CPU
	EndGlobalSection
	GlobalSection(ProjectConfigurationPlatforms) = postSolution
		{C813D537-2CB4-42ED-BCE9-FF25367A1232}.Debug|Any CPU.ActiveCfg = Debug|Any CPU
		{C813D537-2CB4-42ED-BCE9-FF25367A1232}.Debug|Any CPU.Build.0 = Debug|Any CPU
		{C813D537-2CB4-42ED-BCE9-FF25367A1232}.Release|Any CPU.ActiveCfg = Release|Any CPU
		{C813D537-2CB4-42ED-BCE9-FF25367A1232}.Release|Any CPU.Build.0 = Release|Any CPU
		{BD84AD66-271B-415C-8BB8-18B0CEB1DA02}.Debug|Any CPU.ActiveCfg = Debug|Any CPU
		{BD84AD66-271B-415C-8BB8-18B0CEB1DA02}.Debug|Any CPU.Build.0 = Debug|Any CPU
		{BD84AD66-271B-415C-8BB8-18B0CEB1DA02}.Release|Any CPU.ActiveCfg = Release|Any CPU
		{BD84AD66-271B-415C-8BB8-18B0CEB1DA02}.Release|Any CPU.Build.0 = Release|Any CPU
		{EC75D9EA-909D-4DD2-AEE9-944C73BF74C4}.Debug|Any CPU.ActiveCfg = Debug|Any CPU
		{EC75D9EA-909D-4DD2-AEE9-944C73BF74C4}.Debug|Any CPU.Build.0 = Debug|Any CPU
		{EC75D9EA-909D-4DD2-AEE9-944C73BF74C4}.Release|Any CPU.ActiveCfg = Release|Any CPU
		{EC75D9EA-909D-4DD2-AEE9-944C73BF74C4}.Release|Any CPU.Build.0 = Release|Any CPU
	EndGlobalSection
EndGlobal
